// !$*UTF8*$!
{
	archiveVersion = 1;
	classes = {
	};
	objectVersion = 56;
	objects = {

/* Begin PBXBuildFile section */
		103B17992AE2D5BB00BAC945 /* Realm in Frameworks */ = {isa = PBXBuildFile; productRef = 103B17982AE2D5BB00BAC945 /* Realm */; };
		103B179B2AE2D5BB00BAC945 /* RealmSwift in Frameworks */ = {isa = PBXBuildFile; productRef = 103B179A2AE2D5BB00BAC945 /* RealmSwift */; };
		103B179D2AE2D63E00BAC945 /* RealmViewController.swift in Sources */ = {isa = PBXBuildFile; fileRef = 103B179C2AE2D63E00BAC945 /* RealmViewController.swift */; };
		10554D412AE02CFE00571004 /* AppDelegate.swift in Sources */ = {isa = PBXBuildFile; fileRef = 10554D402AE02CFE00571004 /* AppDelegate.swift */; };
		10554D432AE02CFE00571004 /* SceneDelegate.swift in Sources */ = {isa = PBXBuildFile; fileRef = 10554D422AE02CFE00571004 /* SceneDelegate.swift */; };
		10554D452AE02CFE00571004 /* ViewController.swift in Sources */ = {isa = PBXBuildFile; fileRef = 10554D442AE02CFE00571004 /* ViewController.swift */; };
		10554D482AE02CFE00571004 /* Main.storyboard in Resources */ = {isa = PBXBuildFile; fileRef = 10554D462AE02CFE00571004 /* Main.storyboard */; };
		10554D4B2AE02CFE00571004 /* CoreData18october.xcdatamodeld in Sources */ = {isa = PBXBuildFile; fileRef = 10554D492AE02CFE00571004 /* CoreData18october.xcdatamodeld */; };
		10554D4D2AE02CFF00571004 /* Assets.xcassets in Resources */ = {isa = PBXBuildFile; fileRef = 10554D4C2AE02CFF00571004 /* Assets.xcassets */; };
		10554D502AE02CFF00571004 /* LaunchScreen.storyboard in Resources */ = {isa = PBXBuildFile; fileRef = 10554D4E2AE02CFF00571004 /* LaunchScreen.storyboard */; };
		10554D5D2AE032DA00571004 /* ToDoList+CoreDataClass.swift in Sources */ = {isa = PBXBuildFile; fileRef = 10554D5B2AE032DA00571004 /* ToDoList+CoreDataClass.swift */; };
		10554D5E2AE032DA00571004 /* ToDoList+CoreDataProperties.swift in Sources */ = {isa = PBXBuildFile; fileRef = 10554D5C2AE032DA00571004 /* ToDoList+CoreDataProperties.swift */; };
/* End PBXBuildFile section */

/* Begin PBXFileReference section */
		103B179C2AE2D63E00BAC945 /* RealmViewController.swift */ = {isa = PBXFileReference; lastKnownFileType = sourcecode.swift; path = RealmViewController.swift; sourceTree = "<group>"; };
		10554D3D2AE02CFE00571004 /* CoreData18october.app */ = {isa = PBXFileReference; explicitFileType = wrapper.application; includeInIndex = 0; path = CoreData18october.app; sourceTree = BUILT_PRODUCTS_DIR; };
		10554D402AE02CFE00571004 /* AppDelegate.swift */ = {isa = PBXFileReference; lastKnownFileType = sourcecode.swift; path = AppDelegate.swift; sourceTree = "<group>"; };
		10554D422AE02CFE00571004 /* SceneDelegate.swift */ = {isa = PBXFileReference; lastKnownFileType = sourcecode.swift; path = SceneDelegate.swift; sourceTree = "<group>"; };
		10554D442AE02CFE00571004 /* ViewController.swift */ = {isa = PBXFileReference; lastKnownFileType = sourcecode.swift; path = ViewController.swift; sourceTree = "<group>"; };
		10554D472AE02CFE00571004 /* Base */ = {isa = PBXFileReference; lastKnownFileType = file.storyboard; name = Base; path = Base.lproj/Main.storyboard; sourceTree = "<group>"; };
		10554D4A2AE02CFE00571004 /* CoreData18october.xcdatamodel */ = {isa = PBXFileReference; lastKnownFileType = wrapper.xcdatamodel; path = CoreData18october.xcdatamodel; sourceTree = "<group>"; };
		10554D4C2AE02CFF00571004 /* Assets.xcassets */ = {isa = PBXFileReference; lastKnownFileType = folder.assetcatalog; path = Assets.xcassets; sourceTree = "<group>"; };
		10554D4F2AE02CFF00571004 /* Base */ = {isa = PBXFileReference; lastKnownFileType = file.storyboard; name = Base; path = Base.lproj/LaunchScreen.storyboard; sourceTree = "<group>"; };
		10554D512AE02CFF00571004 /* Info.plist */ = {isa = PBXFileReference; lastKnownFileType = text.plist.xml; path = Info.plist; sourceTree = "<group>"; };
		10554D5B2AE032DA00571004 /* ToDoList+CoreDataClass.swift */ = {isa = PBXFileReference; lastKnownFileType = sourcecode.swift; path = "ToDoList+CoreDataClass.swift"; sourceTree = "<group>"; };
		10554D5C2AE032DA00571004 /* ToDoList+CoreDataProperties.swift */ = {isa = PBXFileReference; lastKnownFileType = sourcecode.swift; path = "ToDoList+CoreDataProperties.swift"; sourceTree = "<group>"; };
/* End PBXFileReference section */

/* Begin PBXFrameworksBuildPhase section */
		10554D3A2AE02CFE00571004 /* Frameworks */ = {
			isa = PBXFrameworksBuildPhase;
			buildActionMask = 2147483647;
			files = (
				103B179B2AE2D5BB00BAC945 /* RealmSwift in Frameworks */,
				103B17992AE2D5BB00BAC945 /* Realm in Frameworks */,
			);
			runOnlyForDeploymentPostprocessing = 0;
		};
/* End PBXFrameworksBuildPhase section */

/* Begin PBXGroup section */
		10554D342AE02CFE00571004 = {
			isa = PBXGroup;
			children = (
				10554D3F2AE02CFE00571004 /* CoreData18october */,
				10554D3E2AE02CFE00571004 /* Products */,
			);
			sourceTree = "<group>";
		};
		10554D3E2AE02CFE00571004 /* Products */ = {
			isa = PBXGroup;
			children = (
				10554D3D2AE02CFE00571004 /* CoreData18october.app */,
			);
			name = Products;
			sourceTree = "<group>";
		};
		10554D3F2AE02CFE00571004 /* CoreData18october */ = {
			isa = PBXGroup;
			children = (
				10554D402AE02CFE00571004 /* AppDelegate.swift */,
				10554D422AE02CFE00571004 /* SceneDelegate.swift */,
				10554D442AE02CFE00571004 /* ViewController.swift */,
				10554D462AE02CFE00571004 /* Main.storyboard */,
				103B179C2AE2D63E00BAC945 /* RealmViewController.swift */,
				10554D4C2AE02CFF00571004 /* Assets.xcassets */,
				10554D4E2AE02CFF00571004 /* LaunchScreen.storyboard */,
				10554D512AE02CFF00571004 /* Info.plist */,
				10554D492AE02CFE00571004 /* CoreData18october.xcdatamodeld */,
				10554D5B2AE032DA00571004 /* ToDoList+CoreDataClass.swift */,
				10554D5C2AE032DA00571004 /* ToDoList+CoreDataProperties.swift */,
			);
			path = CoreData18october;
			sourceTree = "<group>";
		};
/* End PBXGroup section */

/* Begin PBXNativeTarget section */
		10554D3C2AE02CFE00571004 /* CoreData18october */ = {
			isa = PBXNativeTarget;
			buildConfigurationList = 10554D542AE02CFF00571004 /* Build configuration list for PBXNativeTarget "CoreData18october" */;
			buildPhases = (
				10554D392AE02CFE00571004 /* Sources */,
				10554D3A2AE02CFE00571004 /* Frameworks */,
				10554D3B2AE02CFE00571004 /* Resources */,
			);
			buildRules = (
			);
			dependencies = (
			);
			name = CoreData18october;
			packageProductDependencies = (
				103B17982AE2D5BB00BAC945 /* Realm */,
				103B179A2AE2D5BB00BAC945 /* RealmSwift */,
			);
			productName = CoreData18october;
			productReference = 10554D3D2AE02CFE00571004 /* CoreData18october.app */;
			productType = "com.apple.product-type.application";
		};
/* End PBXNativeTarget section */

/* Begin PBXProject section */
		10554D352AE02CFE00571004 /* Project object */ = {
			isa = PBXProject;
			attributes = {
				BuildIndependentTargetsInParallel = 1;
				LastSwiftUpdateCheck = 1500;
				LastUpgradeCheck = 1500;
				TargetAttributes = {
					10554D3C2AE02CFE00571004 = {
						CreatedOnToolsVersion = 15.0;
					};
				};
			};
			buildConfigurationList = 10554D382AE02CFE00571004 /* Build configuration list for PBXProject "CoreData18october" */;
			compatibilityVersion = "Xcode 14.0";
			developmentRegion = en;
			hasScannedForEncodings = 0;
			knownRegions = (
				en,
				Base,
			);
			mainGroup = 10554D342AE02CFE00571004;
			packageReferences = (
				103B17972AE2D5BB00BAC945 /* XCRemoteSwiftPackageReference "realm-swift" */,
			);
			productRefGroup = 10554D3E2AE02CFE00571004 /* Products */;
			projectDirPath = "";
			projectRoot = "";
			targets = (
				10554D3C2AE02CFE00571004 /* CoreData18october */,
			);
		};
/* End PBXProject section */

/* Begin PBXResourcesBuildPhase section */
		10554D3B2AE02CFE00571004 /* Resources */ = {
			isa = PBXResourcesBuildPhase;
			buildActionMask = 2147483647;
			files = (
				10554D502AE02CFF00571004 /* LaunchScreen.storyboard in Resources */,
				10554D4D2AE02CFF00571004 /* Assets.xcassets in Resources */,
				10554D482AE02CFE00571004 /* Main.storyboard in Resources */,
			);
			runOnlyForDeploymentPostprocessing = 0;
		};
/* End PBXResourcesBuildPhase section */

/* Begin PBXSourcesBuildPhase section */
		10554D392AE02CFE00571004 /* Sources */ = {
			isa = PBXSourcesBuildPhase;
			buildActionMask = 2147483647;
			files = (
				103B179D2AE2D63E00BAC945 /* RealmViewController.swift in Sources */,
				10554D4B2AE02CFE00571004 /* CoreData18october.xcdatamodeld in Sources */,
				10554D5D2AE032DA00571004 /* ToDoList+CoreDataClass.swift in Sources */,
				10554D452AE02CFE00571004 /* ViewController.swift in Sources */,
				10554D412AE02CFE00571004 /* AppDelegate.swift in Sources */,
				10554D432AE02CFE00571004 /* SceneDelegate.swift in Sources */,
				10554D5E2AE032DA00571004 /* ToDoList+CoreDataProperties.swift in Sources */,
			);
			runOnlyForDeploymentPostprocessing = 0;
		};
/* End PBXSourcesBuildPhase section */

/* Begin PBXVariantGroup section */
		10554D462AE02CFE00571004 /* Main.storyboard */ = {
			isa = PBXVariantGroup;
			children = (
				10554D472AE02CFE00571004 /* Base */,
			);
			name = Main.storyboard;
			sourceTree = "<group>";
		};
		10554D4E2AE02CFF00571004 /* LaunchScreen.storyboard */ = {
			isa = PBXVariantGroup;
			children = (
				10554D4F2AE02CFF00571004 /* Base */,
			);
			name = LaunchScreen.storyboard;
			sourceTree = "<group>";
		};
/* End PBXVariantGroup section */

/* Begin XCBuildConfiguration section */
		10554D522AE02CFF00571004 /* Debug */ = {
			isa = XCBuildConfiguration;
			buildSettings = {
				ALWAYS_SEARCH_USER_PATHS = NO;
				ASSETCATALOG_COMPILER_GENERATE_SWIFT_ASSET_SYMBOL_EXTENSIONS = YES;
				CLANG_ANALYZER_NONNULL = YES;
				CLANG_ANALYZER_NUMBER_OBJECT_CONVERSION = YES_AGGRESSIVE;
				CLANG_CXX_LANGUAGE_STANDARD = "gnu++20";
				CLANG_ENABLE_MODULES = YES;
				CLANG_ENABLE_OBJC_ARC = YES;
				CLANG_ENABLE_OBJC_WEAK = YES;
				CLANG_WARN_BLOCK_CAPTURE_AUTORELEASING = YES;
				CLANG_WARN_BOOL_CONVERSION = YES;
				CLANG_WARN_COMMA = YES;
				CLANG_WARN_CONSTANT_CONVERSION = YES;
				CLANG_WARN_DEPRECATED_OBJC_IMPLEMENTATIONS = YES;
				CLANG_WARN_DIRECT_OBJC_ISA_USAGE = YES_ERROR;
				CLANG_WARN_DOCUMENTATION_COMMENTS = YES;
				CLANG_WARN_EMPTY_BODY = YES;
				CLANG_WARN_ENUM_CONVERSION = YES;
				CLANG_WARN_INFINITE_RECURSION = YES;
				CLANG_WARN_INT_CONVERSION = YES;
				CLANG_WARN_NON_LITERAL_NULL_CONVERSION = YES;
				CLANG_WARN_OBJC_IMPLICIT_RETAIN_SELF = YES;
				CLANG_WARN_OBJC_LITERAL_CONVERSION = YES;
				CLANG_WARN_OBJC_ROOT_CLASS = YES_ERROR;
				CLANG_WARN_QUOTED_INCLUDE_IN_FRAMEWORK_HEADER = YES;
				CLANG_WARN_RANGE_LOOP_ANALYSIS = YES;
				CLANG_WARN_STRICT_PROTOTYPES = YES;
				CLANG_WARN_SUSPICIOUS_MOVE = YES;
				CLANG_WARN_UNGUARDED_AVAILABILITY = YES_AGGRESSIVE;
				CLANG_WARN_UNREACHABLE_CODE = YES;
				CLANG_WARN__DUPLICATE_METHOD_MATCH = YES;
				COPY_PHASE_STRIP = NO;
				DEBUG_INFORMATION_FORMAT = dwarf;
				ENABLE_STRICT_OBJC_MSGSEND = YES;
				ENABLE_TESTABILITY = YES;
				ENABLE_USER_SCRIPT_SANDBOXING = YES;
				GCC_C_LANGUAGE_STANDARD = gnu17;
				GCC_DYNAMIC_NO_PIC = NO;
				GCC_NO_COMMON_BLOCKS = YES;
				GCC_OPTIMIZATION_LEVEL = 0;
				GCC_PREPROCESSOR_DEFINITIONS = (
					"DEBUG=1",
					"$(inherited)",
				);
				GCC_WARN_64_TO_32_BIT_CONVERSION = YES;
				GCC_WARN_ABOUT_RETURN_TYPE = YES_ERROR;
				GCC_WARN_UNDECLARED_SELECTOR = YES;
				GCC_WARN_UNINITIALIZED_AUTOS = YES_AGGRESSIVE;
				GCC_WARN_UNUSED_FUNCTION = YES;
				GCC_WARN_UNUSED_VARIABLE = YES;
				IPHONEOS_DEPLOYMENT_TARGET = 17.0;
				LOCALIZATION_PREFERS_STRING_CATALOGS = YES;
				MTL_ENABLE_DEBUG_INFO = INCLUDE_SOURCE;
				MTL_FAST_MATH = YES;
				ONLY_ACTIVE_ARCH = YES;
				SDKROOT = iphoneos;
				SWIFT_ACTIVE_COMPILATION_CONDITIONS = "DEBUG $(inherited)";
				SWIFT_OPTIMIZATION_LEVEL = "-Onone";
			};
			name = Debug;
		};
		10554D532AE02CFF00571004 /* Release */ = {
			isa = XCBuildConfiguration;
			buildSettings = {
				ALWAYS_SEARCH_USER_PATHS = NO;
				ASSETCATALOG_COMPILER_GENERATE_SWIFT_ASSET_SYMBOL_EXTENSIONS = YES;
				CLANG_ANALYZER_NONNULL = YES;
				CLANG_ANALYZER_NUMBER_OBJECT_CONVERSION = YES_AGGRESSIVE;
				CLANG_CXX_LANGUAGE_STANDARD = "gnu++20";
				CLANG_ENABLE_MODULES = YES;
				CLANG_ENABLE_OBJC_ARC = YES;
				CLANG_ENABLE_OBJC_WEAK = YES;
				CLANG_WARN_BLOCK_CAPTURE_AUTORELEASING = YES;
				CLANG_WARN_BOOL_CONVERSION = YES;
				CLANG_WARN_COMMA = YES;
				CLANG_WARN_CONSTANT_CONVERSION = YES;
				CLANG_WARN_DEPRECATED_OBJC_IMPLEMENTATIONS = YES;
				CLANG_WARN_DIRECT_OBJC_ISA_USAGE = YES_ERROR;
				CLANG_WARN_DOCUMENTATION_COMMENTS = YES;
				CLANG_WARN_EMPTY_BODY = YES;
				CLANG_WARN_ENUM_CONVERSION = YES;
				CLANG_WARN_INFINITE_RECURSION = YES;
				CLANG_WARN_INT_CONVERSION = YES;
				CLANG_WARN_NON_LITERAL_NULL_CONVERSION = YES;
				CLANG_WARN_OBJC_IMPLICIT_RETAIN_SELF = YES;
				CLANG_WARN_OBJC_LITERAL_CONVERSION = YES;
				CLANG_WARN_OBJC_ROOT_CLASS = YES_ERROR;
				CLANG_WARN_QUOTED_INCLUDE_IN_FRAMEWORK_HEADER = YES;
				CLANG_WARN_RANGE_LOOP_ANALYSIS = YES;
				CLANG_WARN_STRICT_PROTOTYPES = YES;
				CLANG_WARN_SUSPICIOUS_MOVE = YES;
				CLANG_WARN_UNGUARDED_AVAILABILITY = YES_AGGRESSIVE;
				CLANG_WARN_UNREACHABLE_CODE = YES;
				CLANG_WARN__DUPLICATE_METHOD_MATCH = YES;
				COPY_PHASE_STRIP = NO;
				DEBUG_INFORMATION_FORMAT = "dwarf-with-dsym";
				ENABLE_NS_ASSERTIONS = NO;
				ENABLE_STRICT_OBJC_MSGSEND = YES;
				ENABLE_USER_SCRIPT_SANDBOXING = YES;
				GCC_C_LANGUAGE_STANDARD = gnu17;
				GCC_NO_COMMON_BLOCKS = YES;
				GCC_WARN_64_TO_32_BIT_CONVERSION = YES;
				GCC_WARN_ABOUT_RETURN_TYPE = YES_ERROR;
				GCC_WARN_UNDECLARED_SELECTOR = YES;
				GCC_WARN_UNINITIALIZED_AUTOS = YES_AGGRESSIVE;
				GCC_WARN_UNUSED_FUNCTION = YES;
				GCC_WARN_UNUSED_VARIABLE = YES;
				IPHONEOS_DEPLOYMENT_TARGET = 17.0;
				LOCALIZATION_PREFERS_STRING_CATALOGS = YES;
				MTL_ENABLE_DEBUG_INFO = NO;
				MTL_FAST_MATH = YES;
				SDKROOT = iphoneos;
				SWIFT_COMPILATION_MODE = wholemodule;
				VALIDATE_PRODUCT = YES;
			};
			name = Release;
		};
		10554D552AE02CFF00571004 /* Debug */ = {
			isa = XCBuildConfiguration;
			buildSettings = {
				ASSETCATALOG_COMPILER_APPICON_NAME = AppIcon;
				ASSETCATALOG_COMPILER_GLOBAL_ACCENT_COLOR_NAME = AccentColor;
				CODE_SIGN_STYLE = Automatic;
				CURRENT_PROJECT_VERSION = 1;
				DEVELOPMENT_TEAM = Y34U93D838;
				GENERATE_INFOPLIST_FILE = YES;
				INFOPLIST_FILE = CoreData18october/Info.plist;
				INFOPLIST_KEY_UIApplicationSupportsIndirectInputEvents = YES;
				INFOPLIST_KEY_UILaunchStoryboardName = LaunchScreen;
				INFOPLIST_KEY_UIMainStoryboardFile = Main;
				INFOPLIST_KEY_UISupportedInterfaceOrientations_iPad = "UIInterfaceOrientationPortrait UIInterfaceOrientationPortraitUpsideDown UIInterfaceOrientationLandscapeLeft UIInterfaceOrientationLandscapeRight";
				INFOPLIST_KEY_UISupportedInterfaceOrientations_iPhone = "UIInterfaceOrientationPortrait UIInterfaceOrientationLandscapeLeft UIInterfaceOrientationLandscapeRight";
				LD_RUNPATH_SEARCH_PATHS = (
					"$(inherited)",
					"@executable_path/Frameworks",
				);
				MARKETING_VERSION = 1.0;
				PRODUCT_BUNDLE_IDENTIFIER = com.nazrindolkhanova.CoreData18october;
				PRODUCT_NAME = "$(TARGET_NAME)";
				SWIFT_EMIT_LOC_STRINGS = YES;
				SWIFT_VERSION = 5.0;
				TARGETED_DEVICE_FAMILY = "1,2";
			};
			name = Debug;
		};
		10554D562AE02CFF00571004 /* Release */ = {
			isa = XCBuildConfiguration;
			buildSettings = {
				ASSETCATALOG_COMPILER_APPICON_NAME = AppIcon;
				ASSETCATALOG_COMPILER_GLOBAL_ACCENT_COLOR_NAME = AccentColor;
				CODE_SIGN_STYLE = Automatic;
				CURRENT_PROJECT_VERSION = 1;
				DEVELOPMENT_TEAM = Y34U93D838;
				GENERATE_INFOPLIST_FILE = YES;
				INFOPLIST_FILE = CoreData18october/Info.plist;
				INFOPLIST_KEY_UIApplicationSupportsIndirectInputEvents = YES;
				INFOPLIST_KEY_UILaunchStoryboardName = LaunchScreen;
				INFOPLIST_KEY_UIMainStoryboardFile = Main;
				INFOPLIST_KEY_UISupportedInterfaceOrientations_iPad = "UIInterfaceOrientationPortrait UIInterfaceOrientationPortraitUpsideDown UIInterfaceOrientationLandscapeLeft UIInterfaceOrientationLandscapeRight";
				INFOPLIST_KEY_UISupportedInterfaceOrientations_iPhone = "UIInterfaceOrientationPortrait UIInterfaceOrientationLandscapeLeft UIInterfaceOrientationLandscapeRight";
				LD_RUNPATH_SEARCH_PATHS = (
					"$(inherited)",
					"@executable_path/Frameworks",
				);
				MARKETING_VERSION = 1.0;
				PRODUCT_BUNDLE_IDENTIFIER = com.nazrindolkhanova.CoreData18october;
				PRODUCT_NAME = "$(TARGET_NAME)";
				SWIFT_EMIT_LOC_STRINGS = YES;
				SWIFT_VERSION = 5.0;
				TARGETED_DEVICE_FAMILY = "1,2";
			};
			name = Release;
		};
/* End XCBuildConfiguration section */

/* Begin XCConfigurationList section */
		10554D382AE02CFE00571004 /* Build configuration list for PBXProject "CoreData18october" */ = {
			isa = XCConfigurationList;
			buildConfigurations = (
				10554D522AE02CFF00571004 /* Debug */,
				10554D532AE02CFF00571004 /* Release */,
			);
			defaultConfigurationIsVisible = 0;
			defaultConfigurationName = Release;
		};
		10554D542AE02CFF00571004 /* Build configuration list for PBXNativeTarget "CoreData18october" */ = {
			isa = XCConfigurationList;
			buildConfigurations = (
				10554D552AE02CFF00571004 /* Debug */,
				10554D562AE02CFF00571004 /* Release */,
			);
			defaultConfigurationIsVisible = 0;
			defaultConfigurationName = Release;
		};
/* End XCConfigurationList section */

/* Begin XCRemoteSwiftPackageReference section */
		103B17972AE2D5BB00BAC945 /* XCRemoteSwiftPackageReference "realm-swift" */ = {
			isa = XCRemoteSwiftPackageReference;
			repositoryURL = "https://github.com/realm/realm-swift.git";
			requirement = {
				branch = master;
				kind = branch;
			};
		};
/* End XCRemoteSwiftPackageReference section */

/* Begin XCSwiftPackageProductDependency section */
		103B17982AE2D5BB00BAC945 /* Realm */ = {
			isa = XCSwiftPackageProductDependency;
			package = 103B17972AE2D5BB00BAC945 /* XCRemoteSwiftPackageReference "realm-swift" */;
			productName = Realm;
		};
		103B179A2AE2D5BB00BAC945 /* RealmSwift */ = {
			isa = XCSwiftPackageProductDependency;
			package = 103B17972AE2D5BB00BAC945 /* XCRemoteSwiftPackageReference "realm-swift" */;
			productName = RealmSwift;
		};
/* End XCSwiftPackageProductDependency section */

/* Begin XCVersionGroup section */
		10554D492AE02CFE00571004 /* CoreData18october.xcdatamodeld */ = {
			isa = XCVersionGroup;
			children = (
				10554D4A2AE02CFE00571004 /* CoreData18october.xcdatamodel */,
			);
			currentVersion = 10554D4A2AE02CFE00571004 /* CoreData18october.xcdatamodel */;
			path = CoreData18october.xcdatamodeld;
			sourceTree = "<group>";
			versionGroupType = wrapper.xcdatamodel;
		};
/* End XCVersionGroup section */
	};
	rootObject = 10554D352AE02CFE00571004 /* Project object */;
}
